
Microsoft Visual Studio Solution File, Format Version 12.00
# Visual Studio Version 17
VisualStudioVersion = 17.1.32210.238
MinimumVisualStudioVersion = 10.0.40219.1
Project("{FAE04EC0-301F-11D3-BF4B-00C04F79EFBC}") = "Desafios", "Desafios\Desafios.csproj", "{1E42F8A1-ABD9-43C8-B435-FE34CA8F9EBC}"
EndProject
Global
	GlobalSection(SolutionConfigurationPlatforms) = preSolution
		Debug|Any CPU = Debug|Any CPU
		Release|Any CPU = Release|Any CPU
	EndGlobalSection
	GlobalSection(ProjectConfigurationPlatforms) = postSolution
		{1E42F8A1-ABD9-43C8-B435-FE34CA8F9EBC}.Debug|Any CPU.ActiveCfg = Debug|Any CPU
		{1E42F8A1-ABD9-43C8-B435-FE34CA8F9EBC}.Debug|Any CPU.Build.0 = Debug|Any CPU
		{1E42F8A1-ABD9-43C8-B435-FE34CA8F9EBC}.Release|Any CPU.ActiveCfg = Release|Any CPU
		{1E42F8A1-ABD9-43C8-B435-FE34CA8F9EBC}.Release|Any CPU.Build.0 = Release|Any CPU
	EndGlobalSection
	GlobalSection(SolutionProperties) = preSolution
		HideSolutionNode = FALSE
	EndGlobalSection
	GlobalSection(ExtensibilityGlobals) = postSolution
		SolutionGuid = {E3147C8D-39FA-4A82-8867-440799B056CD}
	EndGlobalSection
EndGlobal
