
Microsoft Visual Studio Solution File, Format Version 12.00
# Visual Studio Version 17
VisualStudioVersion = 17.1.32210.238
MinimumVisualStudioVersion = 10.0.40219.1
Project("{9A19103F-16F7-4668-BE54-9A1E7A4F7556}") = "CursoMVC", "CursoMVC\CursoMVC.csproj", "{5C145B73-394A-457E-B3B7-80E835B371BA}"
EndProject
Project("{9A19103F-16F7-4668-BE54-9A1E7A4F7556}") = "CursoAPI", "CursoAPI\CursoAPI.csproj", "{D1A1F726-647F-4578-8769-5509596578D9}"
EndProject
Global
	GlobalSection(SolutionConfigurationPlatforms) = preSolution
		Debug|Any CPU = Debug|Any CPU
		Release|Any CPU = Release|Any CPU
	EndGlobalSection
	GlobalSection(ProjectConfigurationPlatforms) = postSolution
		{5C145B73-394A-457E-B3B7-80E835B371BA}.Debug|Any CPU.ActiveCfg = Debug|Any CPU
		{5C145B73-394A-457E-B3B7-80E835B371BA}.Debug|Any CPU.Build.0 = Debug|Any CPU
		{5C145B73-394A-457E-B3B7-80E835B371BA}.Release|Any CPU.ActiveCfg = Release|Any CPU
		{5C145B73-394A-457E-B3B7-80E835B371BA}.Release|Any CPU.Build.0 = Release|Any CPU
		{D1A1F726-647F-4578-8769-5509596578D9}.Debug|Any CPU.ActiveCfg = Debug|Any CPU
		{D1A1F726-647F-4578-8769-5509596578D9}.Debug|Any CPU.Build.0 = Debug|Any CPU
		{D1A1F726-647F-4578-8769-5509596578D9}.Release|Any CPU.ActiveCfg = Release|Any CPU
		{D1A1F726-647F-4578-8769-5509596578D9}.Release|Any CPU.Build.0 = Release|Any CPU
	EndGlobalSection
	GlobalSection(SolutionProperties) = preSolution
		HideSolutionNode = FALSE
	EndGlobalSection
	GlobalSection(ExtensibilityGlobals) = postSolution
		SolutionGuid = {969CD82C-F2B2-43C5-BC8E-41ED4CFFF3FE}
	EndGlobalSection
EndGlobal
